
Microsoft Visual Studio Solution File, Format Version 12.00
# Visual Studio 2013
VisualStudioVersion = 12.0.31101.0
MinimumVisualStudioVersion = 10.0.40219.1
Project("{FAE04EC0-301F-11D3-BF4B-00C04F79EFBC}") = "01. StringBuilder.Substring", "01. StringBuilder.Substring\01. StringBuilder.Substring.csproj", "{5211D2C3-8D9D-438D-B8B9-FBA353298372}"
EndProject
Project("{FAE04EC0-301F-11D3-BF4B-00C04F79EFBC}") = "02. IEnumerable extensions", "02. IEnumerable extensions\02. IEnumerable extensions.csproj", "{B5D4AA5E-8DC5-443A-B0A3-7F37D8CC7D16}"
EndProject
Project("{FAE04EC0-301F-11D3-BF4B-00C04F79EFBC}") = "03. First before last", "03. First before last\03. First before last.csproj", "{3B172EF3-A305-4E65-BCCB-E1C5DA642685}"
EndProject
Project("{FAE04EC0-301F-11D3-BF4B-00C04F79EFBC}") = "04. Age range", "04. Age range\04. Age range.csproj", "{EFD722F3-A185-476E-9114-2A91B8D0CCF9}"
EndProject
Project("{FAE04EC0-301F-11D3-BF4B-00C04F79EFBC}") = "05. Order students", "05. Order students\05. Order students.csproj", "{E6F5D858-66AA-475C-B26A-882BD22AA33C}"
EndProject
Project("{FAE04EC0-301F-11D3-BF4B-00C04F79EFBC}") = "06. Divisible by 7 and 3", "06. Divisible by 7 and 3\06. Divisible by 7 and 3.csproj", "{56452942-33B2-46A4-BC64-9D2DDE29D8C6}"
EndProject
Project("{FAE04EC0-301F-11D3-BF4B-00C04F79EFBC}") = "Students - Problems 9 to 19", "08. Students - Problems 9 to 19\Students - Problems 9 to 19.csproj", "{D41F70A4-2514-44C1-89E0-19D6B34623A1}"
EndProject
Project("{FAE04EC0-301F-11D3-BF4B-00C04F79EFBC}") = "07. Timer", "07. Timer\07. Timer.csproj", "{55379474-76B2-42E0-B72B-913E7C0A7F2A}"
EndProject
Global
	GlobalSection(SolutionConfigurationPlatforms) = preSolution
		Debug|Any CPU = Debug|Any CPU
		Release|Any CPU = Release|Any CPU
	EndGlobalSection
	GlobalSection(ProjectConfigurationPlatforms) = postSolution
		{5211D2C3-8D9D-438D-B8B9-FBA353298372}.Debug|Any CPU.ActiveCfg = Debug|Any CPU
		{5211D2C3-8D9D-438D-B8B9-FBA353298372}.Debug|Any CPU.Build.0 = Debug|Any CPU
		{5211D2C3-8D9D-438D-B8B9-FBA353298372}.Release|Any CPU.ActiveCfg = Release|Any CPU
		{5211D2C3-8D9D-438D-B8B9-FBA353298372}.Release|Any CPU.Build.0 = Release|Any CPU
		{B5D4AA5E-8DC5-443A-B0A3-7F37D8CC7D16}.Debug|Any CPU.ActiveCfg = Debug|Any CPU
		{B5D4AA5E-8DC5-443A-B0A3-7F37D8CC7D16}.Debug|Any CPU.Build.0 = Debug|Any CPU
		{B5D4AA5E-8DC5-443A-B0A3-7F37D8CC7D16}.Release|Any CPU.ActiveCfg = Release|Any CPU
		{B5D4AA5E-8DC5-443A-B0A3-7F37D8CC7D16}.Release|Any CPU.Build.0 = Release|Any CPU
		{3B172EF3-A305-4E65-BCCB-E1C5DA642685}.Debug|Any CPU.ActiveCfg = Debug|Any CPU
		{3B172EF3-A305-4E65-BCCB-E1C5DA642685}.Debug|Any CPU.Build.0 = Debug|Any CPU
		{3B172EF3-A305-4E65-BCCB-E1C5DA642685}.Release|Any CPU.ActiveCfg = Release|Any CPU
		{3B172EF3-A305-4E65-BCCB-E1C5DA642685}.Release|Any CPU.Build.0 = Release|Any CPU
		{EFD722F3-A185-476E-9114-2A91B8D0CCF9}.Debug|Any CPU.ActiveCfg = Debug|Any CPU
		{EFD722F3-A185-476E-9114-2A91B8D0CCF9}.Debug|Any CPU.Build.0 = Debug|Any CPU
		{EFD722F3-A185-476E-9114-2A91B8D0CCF9}.Release|Any CPU.ActiveCfg = Release|Any CPU
		{EFD722F3-A185-476E-9114-2A91B8D0CCF9}.Release|Any CPU.Build.0 = Release|Any CPU
		{E6F5D858-66AA-475C-B26A-882BD22AA33C}.Debug|Any CPU.ActiveCfg = Debug|Any CPU
		{E6F5D858-66AA-475C-B26A-882BD22AA33C}.Debug|Any CPU.Build.0 = Debug|Any CPU
		{E6F5D858-66AA-475C-B26A-882BD22AA33C}.Release|Any CPU.ActiveCfg = Release|Any CPU
		{E6F5D858-66AA-475C-B26A-882BD22AA33C}.Release|Any CPU.Build.0 = Release|Any CPU
		{56452942-33B2-46A4-BC64-9D2DDE29D8C6}.Debug|Any CPU.ActiveCfg = Debug|Any CPU
		{56452942-33B2-46A4-BC64-9D2DDE29D8C6}.Debug|Any CPU.Build.0 = Debug|Any CPU
		{56452942-33B2-46A4-BC64-9D2DDE29D8C6}.Release|Any CPU.ActiveCfg = Release|Any CPU
		{56452942-33B2-46A4-BC64-9D2DDE29D8C6}.Release|Any CPU.Build.0 = Release|Any CPU
		{D41F70A4-2514-44C1-89E0-19D6B34623A1}.Debug|Any CPU.ActiveCfg = Debug|Any CPU
		{D41F70A4-2514-44C1-89E0-19D6B34623A1}.Debug|Any CPU.Build.0 = Debug|Any CPU
		{D41F70A4-2514-44C1-89E0-19D6B34623A1}.Release|Any CPU.ActiveCfg = Release|Any CPU
		{D41F70A4-2514-44C1-89E0-19D6B34623A1}.Release|Any CPU.Build.0 = Release|Any CPU
		{55379474-76B2-42E0-B72B-913E7C0A7F2A}.Debug|Any CPU.ActiveCfg = Debug|Any CPU
		{55379474-76B2-42E0-B72B-913E7C0A7F2A}.Debug|Any CPU.Build.0 = Debug|Any CPU
		{55379474-76B2-42E0-B72B-913E7C0A7F2A}.Release|Any CPU.ActiveCfg = Release|Any CPU
		{55379474-76B2-42E0-B72B-913E7C0A7F2A}.Release|Any CPU.Build.0 = Release|Any CPU
	EndGlobalSection
	GlobalSection(SolutionProperties) = preSolution
		HideSolutionNode = FALSE
	EndGlobalSection
EndGlobal
